// !$*UTF8*$!
{
	archiveVersion = 1;
	classes = {
	};
	objectVersion = 46;
	objects = {

/* Begin PBXBuildFile section */
		00D6071C1ED5126800049740 /* main.m in Sources */ = {isa = PBXBuildFile; fileRef = 00D6071B1ED5126800049740 /* main.m */; };
		00D6071F1ED5126900049740 /* AppDelegate.m in Sources */ = {isa = PBXBuildFile; fileRef = 00D6071E1ED5126900049740 /* AppDelegate.m */; };
		00D607221ED5126900049740 /* ViewController.m in Sources */ = {isa = PBXBuildFile; fileRef = 00D607211ED5126900049740 /* ViewController.m */; };
		00D607251ED5126900049740 /* Main.storyboard in Resources */ = {isa = PBXBuildFile; fileRef = 00D607231ED5126900049740 /* Main.storyboard */; };
		00D607271ED5126A00049740 /* Assets.xcassets in Resources */ = {isa = PBXBuildFile; fileRef = 00D607261ED5126A00049740 /* Assets.xcassets */; };
		00D6072A1ED5126A00049740 /* LaunchScreen.storyboard in Resources */ = {isa = PBXBuildFile; fileRef = 00D607281ED5126A00049740 /* LaunchScreen.storyboard */; };
		00D607351ED5126E00049740 /* DynamicAnimatorTests.m in Sources */ = {isa = PBXBuildFile; fileRef = 00D607341ED5126E00049740 /* DynamicAnimatorTests.m */; };
		00D607401ED5126E00049740 /* DynamicAnimatorUITests.m in Sources */ = {isa = PBXBuildFile; fileRef = 00D6073F1ED5126E00049740 /* DynamicAnimatorUITests.m */; };
		00D607501ED513FB00049740 /* UIView+extension.m in Sources */ = {isa = PBXBuildFile; fileRef = 00D6074F1ED513FB00049740 /* UIView+extension.m */; };
		00D607531ED5146200049740 /* CYComprehensiveController.m in Sources */ = {isa = PBXBuildFile; fileRef = 00D607521ED5146200049740 /* CYComprehensiveController.m */; };
		00D607561ED514EF00049740 /* CYDynamicController.m in Sources */ = {isa = PBXBuildFile; fileRef = 00D607551ED514EF00049740 /* CYDynamicController.m */; };
		00D6077C1ED516B200049740 /* LICENSE in Resources */ = {isa = PBXBuildFile; fileRef = 00D607591ED516B200049740 /* LICENSE */; };
		00D6077D1ED516B200049740 /* README.md in Sources */ = {isa = PBXBuildFile; fileRef = 00D6075A1ED516B200049740 /* README.md */; };
		00D6077E1ED516B200049740 /* NSData+ImageContentType.m in Sources */ = {isa = PBXBuildFile; fileRef = 00D6075D1ED516B200049740 /* NSData+ImageContentType.m */; };
		00D6077F1ED516B200049740 /* SDImageCache.m in Sources */ = {isa = PBXBuildFile; fileRef = 00D6075F1ED516B200049740 /* SDImageCache.m */; };
		00D607801ED516B200049740 /* SDWebImageCompat.m in Sources */ = {isa = PBXBuildFile; fileRef = 00D607611ED516B200049740 /* SDWebImageCompat.m */; };
		00D607811ED516B200049740 /* SDWebImageDecoder.m in Sources */ = {isa = PBXBuildFile; fileRef = 00D607631ED516B200049740 /* SDWebImageDecoder.m */; };
		00D607821ED516B200049740 /* SDWebImageDownloader.m in Sources */ = {isa = PBXBuildFile; fileRef = 00D607651ED516B200049740 /* SDWebImageDownloader.m */; };
		00D607831ED516B200049740 /* SDWebImageDownloaderOperation.m in Sources */ = {isa = PBXBuildFile; fileRef = 00D607671ED516B200049740 /* SDWebImageDownloaderOperation.m */; };
		00D607841ED516B200049740 /* SDWebImageManager.m in Sources */ = {isa = PBXBuildFile; fileRef = 00D607691ED516B200049740 /* SDWebImageManager.m */; };
		00D607851ED516B200049740 /* SDWebImagePrefetcher.m in Sources */ = {isa = PBXBuildFile; fileRef = 00D6076C1ED516B200049740 /* SDWebImagePrefetcher.m */; };
		00D607861ED516B200049740 /* UIButton+WebCache.m in Sources */ = {isa = PBXBuildFile; fileRef = 00D6076E1ED516B200049740 /* UIButton+WebCache.m */; };
		00D607871ED516B200049740 /* UIImage+GIF.m in Sources */ = {isa = PBXBuildFile; fileRef = 00D607701ED516B200049740 /* UIImage+GIF.m */; };
		00D607881ED516B200049740 /* UIImage+MultiFormat.m in Sources */ = {isa = PBXBuildFile; fileRef = 00D607721ED516B200049740 /* UIImage+MultiFormat.m */; };
		00D607891ED516B200049740 /* UIImageView+HighlightedWebCache.m in Sources */ = {isa = PBXBuildFile; fileRef = 00D607741ED516B200049740 /* UIImageView+HighlightedWebCache.m */; };
		00D6078A1ED516B200049740 /* UIImageView+WebCache.m in Sources */ = {isa = PBXBuildFile; fileRef = 00D607761ED516B200049740 /* UIImageView+WebCache.m */; };
		00D6078B1ED516B200049740 /* UIView+WebCacheOperation.m in Sources */ = {isa = PBXBuildFile; fileRef = 00D607781ED516B200049740 /* UIView+WebCacheOperation.m */; };
		00D607901ED51DB000049740 /* p1_gif.gif in Resources */ = {isa = PBXBuildFile; fileRef = 00D6078F1ED51DB000049740 /* p1_gif.gif */; };
/* End PBXBuildFile section */

/* Begin PBXContainerItemProxy section */
		00D607311ED5126E00049740 /* PBXContainerItemProxy */ = {
			isa = PBXContainerItemProxy;
			containerPortal = 00D6070F1ED5126700049740 /* Project object */;
			proxyType = 1;
			remoteGlobalIDString = 00D607161ED5126700049740;
			remoteInfo = DynamicAnimator;
		};
		00D6073C1ED5126E00049740 /* PBXContainerItemProxy */ = {
			isa = PBXContainerItemProxy;
			containerPortal = 00D6070F1ED5126700049740 /* Project object */;
			proxyType = 1;
			remoteGlobalIDString = 00D607161ED5126700049740;
			remoteInfo = DynamicAnimator;
		};
/* End PBXContainerItemProxy section */

/* Begin PBXFileReference section */
		00D607171ED5126700049740 /* DynamicAnimator.app */ = {isa = PBXFileReference; explicitFileType = wrapper.application; includeInIndex = 0; path = DynamicAnimator.app; sourceTree = BUILT_PRODUCTS_DIR; };
		00D6071B1ED5126800049740 /* main.m */ = {isa = PBXFileReference; lastKnownFileType = sourcecode.c.objc; path = main.m; sourceTree = "<group>"; };
		00D6071D1ED5126800049740 /* AppDelegate.h */ = {isa = PBXFileReference; lastKnownFileType = sourcecode.c.h; path = AppDelegate.h; sourceTree = "<group>"; };
		00D6071E1ED5126900049740 /* AppDelegate.m */ = {isa = PBXFileReference; lastKnownFileType = sourcecode.c.objc; path = AppDelegate.m; sourceTree = "<group>"; };
		00D607201ED5126900049740 /* ViewController.h */ = {isa = PBXFileReference; lastKnownFileType = sourcecode.c.h; path = ViewController.h; sourceTree = "<group>"; };
		00D607211ED5126900049740 /* ViewController.m */ = {isa = PBXFileReference; lastKnownFileType = sourcecode.c.objc; path = ViewController.m; sourceTree = "<group>"; };
		00D607241ED5126900049740 /* Base */ = {isa = PBXFileReference; lastKnownFileType = file.storyboard; name = Base; path = Base.lproj/Main.storyboard; sourceTree = "<group>"; };
		00D607261ED5126A00049740 /* Assets.xcassets */ = {isa = PBXFileReference; lastKnownFileType = folder.assetcatalog; path = Assets.xcassets; sourceTree = "<group>"; };
		00D607291ED5126A00049740 /* Base */ = {isa = PBXFileReference; lastKnownFileType = file.storyboard; name = Base; path = Base.lproj/LaunchScreen.storyboard; sourceTree = "<group>"; };
		00D6072B1ED5126A00049740 /* Info.plist */ = {isa = PBXFileReference; lastKnownFileType = text.plist.xml; path = Info.plist; sourceTree = "<group>"; };
		00D607301ED5126E00049740 /* DynamicAnimatorTests.xctest */ = {isa = PBXFileReference; explicitFileType = wrapper.cfbundle; includeInIndex = 0; path = DynamicAnimatorTests.xctest; sourceTree = BUILT_PRODUCTS_DIR; };
		00D607341ED5126E00049740 /* DynamicAnimatorTests.m */ = {isa = PBXFileReference; lastKnownFileType = sourcecode.c.objc; path = DynamicAnimatorTests.m; sourceTree = "<group>"; };
		00D607361ED5126E00049740 /* Info.plist */ = {isa = PBXFileReference; lastKnownFileType = text.plist.xml; path = Info.plist; sourceTree = "<group>"; };
		00D6073B1ED5126E00049740 /* DynamicAnimatorUITests.xctest */ = {isa = PBXFileReference; explicitFileType = wrapper.cfbundle; includeInIndex = 0; path = DynamicAnimatorUITests.xctest; sourceTree = BUILT_PRODUCTS_DIR; };
		00D6073F1ED5126E00049740 /* DynamicAnimatorUITests.m */ = {isa = PBXFileReference; lastKnownFileType = sourcecode.c.objc; path = DynamicAnimatorUITests.m; sourceTree = "<group>"; };
		00D607411ED5126E00049740 /* Info.plist */ = {isa = PBXFileReference; lastKnownFileType = text.plist.xml; path = Info.plist; sourceTree = "<group>"; };
		00D6074E1ED513FB00049740 /* UIView+extension.h */ = {isa = PBXFileReference; fileEncoding = 4; lastKnownFileType = sourcecode.c.h; path = "UIView+extension.h"; sourceTree = "<group>"; };
		00D6074F1ED513FB00049740 /* UIView+extension.m */ = {isa = PBXFileReference; fileEncoding = 4; lastKnownFileType = sourcecode.c.objc; path = "UIView+extension.m"; sourceTree = "<group>"; };
		00D607511ED5146200049740 /* CYComprehensiveController.h */ = {isa = PBXFileReference; fileEncoding = 4; lastKnownFileType = sourcecode.c.h; path = CYComprehensiveController.h; sourceTree = "<group>"; };
		00D607521ED5146200049740 /* CYComprehensiveController.m */ = {isa = PBXFileReference; fileEncoding = 4; lastKnownFileType = sourcecode.c.objc; path = CYComprehensiveController.m; sourceTree = "<group>"; };
		00D607541ED514EF00049740 /* CYDynamicController.h */ = {isa = PBXFileReference; fileEncoding = 4; lastKnownFileType = sourcecode.c.h; path = CYDynamicController.h; sourceTree = "<group>"; };
		00D607551ED514EF00049740 /* CYDynamicController.m */ = {isa = PBXFileReference; fileEncoding = 4; lastKnownFileType = sourcecode.c.objc; path = CYDynamicController.m; sourceTree = "<group>"; };
		00D607591ED516B200049740 /* LICENSE */ = {isa = PBXFileReference; fileEncoding = 4; lastKnownFileType = text; path = LICENSE; sourceTree = "<group>"; };
		00D6075A1ED516B200049740 /* README.md */ = {isa = PBXFileReference; fileEncoding = 4; lastKnownFileType = net.daringfireball.markdown; path = README.md; sourceTree = "<group>"; };
		00D6075C1ED516B200049740 /* NSData+ImageContentType.h */ = {isa = PBXFileReference; fileEncoding = 4; lastKnownFileType = sourcecode.c.h; path = "NSData+ImageContentType.h"; sourceTree = "<group>"; };
		00D6075D1ED516B200049740 /* NSData+ImageContentType.m */ = {isa = PBXFileReference; fileEncoding = 4; lastKnownFileType = sourcecode.c.objc; path = "NSData+ImageContentType.m"; sourceTree = "<group>"; };
		00D6075E1ED516B200049740 /* SDImageCache.h */ = {isa = PBXFileReference; fileEncoding = 4; lastKnownFileType = sourcecode.c.h; path = SDImageCache.h; sourceTree = "<group>"; };
		00D6075F1ED516B200049740 /* SDImageCache.m */ = {isa = PBXFileReference; fileEncoding = 4; lastKnownFileType = sourcecode.c.objc; path = SDImageCache.m; sourceTree = "<group>"; };
		00D607601ED516B200049740 /* SDWebImageCompat.h */ = {isa = PBXFileReference; fileEncoding = 4; lastKnownFileType = sourcecode.c.h; path = SDWebImageCompat.h; sourceTree = "<group>"; };
		00D607611ED516B200049740 /* SDWebImageCompat.m */ = {isa = PBXFileReference; fileEncoding = 4; lastKnownFileType = sourcecode.c.objc; path = SDWebImageCompat.m; sourceTree = "<group>"; };
		00D607621ED516B200049740 /* SDWebImageDecoder.h */ = {isa = PBXFileReference; fileEncoding = 4; lastKnownFileType = sourcecode.c.h; path = SDWebImageDecoder.h; sourceTree = "<group>"; };
		00D607631ED516B200049740 /* SDWebImageDecoder.m */ = {isa = PBXFileReference; fileEncoding = 4; lastKnownFileType = sourcecode.c.objc; path = SDWebImageDecoder.m; sourceTree = "<group>"; };
		00D607641ED516B200049740 /* SDWebImageDownloader.h */ = {isa = PBXFileReference; fileEncoding = 4; lastKnownFileType = sourcecode.c.h; path = SDWebImageDownloader.h; sourceTree = "<group>"; };
		00D607651ED516B200049740 /* SDWebImageDownloader.m */ = {isa = PBXFileReference; fileEncoding = 4; lastKnownFileType = sourcecode.c.objc; path = SDWebImageDownloader.m; sourceTree = "<group>"; };
		00D607661ED516B200049740 /* SDWebImageDownloaderOperation.h */ = {isa = PBXFileReference; fileEncoding = 4; lastKnownFileType = sourcecode.c.h; path = SDWebImageDownloaderOperation.h; sourceTree = "<group>"; };
		00D607671ED516B200049740 /* SDWebImageDownloaderOperation.m */ = {isa = PBXFileReference; fileEncoding = 4; lastKnownFileType = sourcecode.c.objc; path = SDWebImageDownloaderOperation.m; sourceTree = "<group>"; };
		00D607681ED516B200049740 /* SDWebImageManager.h */ = {isa = PBXFileReference; fileEncoding = 4; lastKnownFileType = sourcecode.c.h; path = SDWebImageManager.h; sourceTree = "<group>"; };
		00D607691ED516B200049740 /* SDWebImageManager.m */ = {isa = PBXFileReference; fileEncoding = 4; lastKnownFileType = sourcecode.c.objc; path = SDWebImageManager.m; sourceTree = "<group>"; };
		00D6076A1ED516B200049740 /* SDWebImageOperation.h */ = {isa = PBXFileReference; fileEncoding = 4; lastKnownFileType = sourcecode.c.h; path = SDWebImageOperation.h; sourceTree = "<group>"; };
		00D6076B1ED516B200049740 /* SDWebImagePrefetcher.h */ = {isa = PBXFileReference; fileEncoding = 4; lastKnownFileType = sourcecode.c.h; path = SDWebImagePrefetcher.h; sourceTree = "<group>"; };
		00D6076C1ED516B200049740 /* SDWebImagePrefetcher.m */ = {isa = PBXFileReference; fileEncoding = 4; lastKnownFileType = sourcecode.c.objc; path = SDWebImagePrefetcher.m; sourceTree = "<group>"; };
		00D6076D1ED516B200049740 /* UIButton+WebCache.h */ = {isa = PBXFileReference; fileEncoding = 4; lastKnownFileType = sourcecode.c.h; path = "UIButton+WebCache.h"; sourceTree = "<group>"; };
		00D6076E1ED516B200049740 /* UIButton+WebCache.m */ = {isa = PBXFileReference; fileEncoding = 4; lastKnownFileType = sourcecode.c.objc; path = "UIButton+WebCache.m"; sourceTree = "<group>"; };
		00D6076F1ED516B200049740 /* UIImage+GIF.h */ = {isa = PBXFileReference; fileEncoding = 4; lastKnownFileType = sourcecode.c.h; path = "UIImage+GIF.h"; sourceTree = "<group>"; };
		00D607701ED516B200049740 /* UIImage+GIF.m */ = {isa = PBXFileReference; fileEncoding = 4; lastKnownFileType = sourcecode.c.objc; path = "UIImage+GIF.m"; sourceTree = "<group>"; };
		00D607711ED516B200049740 /* UIImage+MultiFormat.h */ = {isa = PBXFileReference; fileEncoding = 4; lastKnownFileType = sourcecode.c.h; path = "UIImage+MultiFormat.h"; sourceTree = "<group>"; };
		00D607721ED516B200049740 /* UIImage+MultiFormat.m */ = {isa = PBXFileReference; fileEncoding = 4; lastKnownFileType = sourcecode.c.objc; path = "UIImage+MultiFormat.m"; sourceTree = "<group>"; };
		00D607731ED516B200049740 /* UIImageView+HighlightedWebCache.h */ = {isa = PBXFileReference; fileEncoding = 4; lastKnownFileType = sourcecode.c.h; path = "UIImageView+HighlightedWebCache.h"; sourceTree = "<group>"; };
		00D607741ED516B200049740 /* UIImageView+HighlightedWebCache.m */ = {isa = PBXFileReference; fileEncoding = 4; lastKnownFileType = sourcecode.c.objc; path = "UIImageView+HighlightedWebCache.m"; sourceTree = "<group>"; };
		00D607751ED516B200049740 /* UIImageView+WebCache.h */ = {isa = PBXFileReference; fileEncoding = 4; lastKnownFileType = sourcecode.c.h; path = "UIImageView+WebCache.h"; sourceTree = "<group>"; };
		00D607761ED516B200049740 /* UIImageView+WebCache.m */ = {isa = PBXFileReference; fileEncoding = 4; lastKnownFileType = sourcecode.c.objc; path = "UIImageView+WebCache.m"; sourceTree = "<group>"; };
		00D607771ED516B200049740 /* UIView+WebCacheOperation.h */ = {isa = PBXFileReference; fileEncoding = 4; lastKnownFileType = sourcecode.c.h; path = "UIView+WebCacheOperation.h"; sourceTree = "<group>"; };
		00D607781ED516B200049740 /* UIView+WebCacheOperation.m */ = {isa = PBXFileReference; fileEncoding = 4; lastKnownFileType = sourcecode.c.objc; path = "UIView+WebCacheOperation.m"; sourceTree = "<group>"; };
		00D6078D1ED5173600049740 /* PrefixHeader.pch */ = {isa = PBXFileReference; lastKnownFileType = sourcecode.c.h; path = PrefixHeader.pch; sourceTree = "<group>"; };
		00D6078F1ED51DB000049740 /* p1_gif.gif */ = {isa = PBXFileReference; lastKnownFileType = image.gif; path = p1_gif.gif; sourceTree = "<group>"; };
/* End PBXFileReference section */

/* Begin PBXFrameworksBuildPhase section */
		00D607141ED5126700049740 /* Frameworks */ = {
			isa = PBXFrameworksBuildPhase;
			buildActionMask = 2147483647;
			files = (
			);
			runOnlyForDeploymentPostprocessing = 0;
		};
		00D6072D1ED5126E00049740 /* Frameworks */ = {
			isa = PBXFrameworksBuildPhase;
			buildActionMask = 2147483647;
			files = (
			);
			runOnlyForDeploymentPostprocessing = 0;
		};
		00D607381ED5126E00049740 /* Frameworks */ = {
			isa = PBXFrameworksBuildPhase;
			buildActionMask = 2147483647;
			files = (
			);
			runOnlyForDeploymentPostprocessing = 0;
		};
/* End PBXFrameworksBuildPhase section */

/* Begin PBXGroup section */
		00D6070E1ED5126700049740 = {
			isa = PBXGroup;
			children = (
				00D6078E1ED51DB000049740 /* Resource */,
				00D607571ED516B200049740 /* Thrid */,
				00D6074D1ED513FB00049740 /* Category */,
				00D607191ED5126800049740 /* DynamicAnimator */,
				00D607331ED5126E00049740 /* DynamicAnimatorTests */,
				00D6073E1ED5126E00049740 /* DynamicAnimatorUITests */,
				00D607181ED5126700049740 /* Products */,
			);
			sourceTree = "<group>";
		};
		00D607181ED5126700049740 /* Products */ = {
			isa = PBXGroup;
			children = (
				00D607171ED5126700049740 /* DynamicAnimator.app */,
				00D607301ED5126E00049740 /* DynamicAnimatorTests.xctest */,
				00D6073B1ED5126E00049740 /* DynamicAnimatorUITests.xctest */,
			);
			name = Products;
			sourceTree = "<group>";
		};
		00D607191ED5126800049740 /* DynamicAnimator */ = {
			isa = PBXGroup;
			children = (
				00D6071D1ED5126800049740 /* AppDelegate.h */,
				00D6071E1ED5126900049740 /* AppDelegate.m */,
				00D607201ED5126900049740 /* ViewController.h */,
				00D607211ED5126900049740 /* ViewController.m */,
				00D607511ED5146200049740 /* CYComprehensiveController.h */,
				00D607521ED5146200049740 /* CYComprehensiveController.m */,
				00D607541ED514EF00049740 /* CYDynamicController.h */,
				00D607551ED514EF00049740 /* CYDynamicController.m */,
				00D607231ED5126900049740 /* Main.storyboard */,
				00D607261ED5126A00049740 /* Assets.xcassets */,
				00D607281ED5126A00049740 /* LaunchScreen.storyboard */,
				00D6072B1ED5126A00049740 /* Info.plist */,
				00D6071A1ED5126800049740 /* Supporting Files */,
			);
			path = DynamicAnimator;
			sourceTree = "<group>";
		};
		00D6071A1ED5126800049740 /* Supporting Files */ = {
			isa = PBXGroup;
			children = (
				00D6071B1ED5126800049740 /* main.m */,
				00D6078D1ED5173600049740 /* PrefixHeader.pch */,
			);
			name = "Supporting Files";
			sourceTree = "<group>";
		};
		00D607331ED5126E00049740 /* DynamicAnimatorTests */ = {
			isa = PBXGroup;
			children = (
				00D607341ED5126E00049740 /* DynamicAnimatorTests.m */,
				00D607361ED5126E00049740 /* Info.plist */,
			);
			path = DynamicAnimatorTests;
			sourceTree = "<group>";
		};
		00D6073E1ED5126E00049740 /* DynamicAnimatorUITests */ = {
			isa = PBXGroup;
			children = (
				00D6073F1ED5126E00049740 /* DynamicAnimatorUITests.m */,
				00D607411ED5126E00049740 /* Info.plist */,
			);
			path = DynamicAnimatorUITests;
			sourceTree = "<group>";
		};
		00D6074D1ED513FB00049740 /* Category */ = {
			isa = PBXGroup;
			children = (
				00D6074E1ED513FB00049740 /* UIView+extension.h */,
				00D6074F1ED513FB00049740 /* UIView+extension.m */,
			);
			path = Category;
			sourceTree = "<group>";
		};
		00D607571ED516B200049740 /* Thrid */ = {
			isa = PBXGroup;
			children = (
				00D607581ED516B200049740 /* SDWebImage */,
			);
			path = Thrid;
			sourceTree = "<group>";
		};
		00D607581ED516B200049740 /* SDWebImage */ = {
			isa = PBXGroup;
			children = (
				00D607591ED516B200049740 /* LICENSE */,
				00D6075A1ED516B200049740 /* README.md */,
				00D6075B1ED516B200049740 /* SDWebImage */,
			);
			path = SDWebImage;
			sourceTree = "<group>";
		};
		00D6075B1ED516B200049740 /* SDWebImage */ = {
			isa = PBXGroup;
			children = (
				00D6075C1ED516B200049740 /* NSData+ImageContentType.h */,
				00D6075D1ED516B200049740 /* NSData+ImageContentType.m */,
				00D6075E1ED516B200049740 /* SDImageCache.h */,
				00D6075F1ED516B200049740 /* SDImageCache.m */,
				00D607601ED516B200049740 /* SDWebImageCompat.h */,
				00D607611ED516B200049740 /* SDWebImageCompat.m */,
				00D607621ED516B200049740 /* SDWebImageDecoder.h */,
				00D607631ED516B200049740 /* SDWebImageDecoder.m */,
				00D607641ED516B200049740 /* SDWebImageDownloader.h */,
				00D607651ED516B200049740 /* SDWebImageDownloader.m */,
				00D607661ED516B200049740 /* SDWebImageDownloaderOperation.h */,
				00D607671ED516B200049740 /* SDWebImageDownloaderOperation.m */,
				00D607681ED516B200049740 /* SDWebImageManager.h */,
				00D607691ED516B200049740 /* SDWebImageManager.m */,
				00D6076A1ED516B200049740 /* SDWebImageOperation.h */,
				00D6076B1ED516B200049740 /* SDWebImagePrefetcher.h */,
				00D6076C1ED516B200049740 /* SDWebImagePrefetcher.m */,
				00D6076D1ED516B200049740 /* UIButton+WebCache.h */,
				00D6076E1ED516B200049740 /* UIButton+WebCache.m */,
				00D6076F1ED516B200049740 /* UIImage+GIF.h */,
				00D607701ED516B200049740 /* UIImage+GIF.m */,
				00D607711ED516B200049740 /* UIImage+MultiFormat.h */,
				00D607721ED516B200049740 /* UIImage+MultiFormat.m */,
				00D607731ED516B200049740 /* UIImageView+HighlightedWebCache.h */,
				00D607741ED516B200049740 /* UIImageView+HighlightedWebCache.m */,
				00D607751ED516B200049740 /* UIImageView+WebCache.h */,
				00D607761ED516B200049740 /* UIImageView+WebCache.m */,
				00D607771ED516B200049740 /* UIView+WebCacheOperation.h */,
				00D607781ED516B200049740 /* UIView+WebCacheOperation.m */,
			);
			path = SDWebImage;
			sourceTree = "<group>";
		};
		00D6078E1ED51DB000049740 /* Resource */ = {
			isa = PBXGroup;
			children = (
				00D6078F1ED51DB000049740 /* p1_gif.gif */,
			);
			path = Resource;
			sourceTree = "<group>";
		};
/* End PBXGroup section */

/* Begin PBXNativeTarget section */
		00D607161ED5126700049740 /* DynamicAnimator */ = {
			isa = PBXNativeTarget;
			buildConfigurationList = 00D607441ED5126E00049740 /* Build configuration list for PBXNativeTarget "DynamicAnimator" */;
			buildPhases = (
				00D607131ED5126700049740 /* Sources */,
				00D607141ED5126700049740 /* Frameworks */,
				00D607151ED5126700049740 /* Resources */,
			);
			buildRules = (
			);
			dependencies = (
			);
			name = DynamicAnimator;
			productName = DynamicAnimator;
			productReference = 00D607171ED5126700049740 /* DynamicAnimator.app */;
			productType = "com.apple.product-type.application";
		};
		00D6072F1ED5126E00049740 /* DynamicAnimatorTests */ = {
			isa = PBXNativeTarget;
			buildConfigurationList = 00D607471ED5126E00049740 /* Build configuration list for PBXNativeTarget "DynamicAnimatorTests" */;
			buildPhases = (
				00D6072C1ED5126E00049740 /* Sources */,
				00D6072D1ED5126E00049740 /* Frameworks */,
				00D6072E1ED5126E00049740 /* Resources */,
			);
			buildRules = (
			);
			dependencies = (
				00D607321ED5126E00049740 /* PBXTargetDependency */,
			);
			name = DynamicAnimatorTests;
			productName = DynamicAnimatorTests;
			productReference = 00D607301ED5126E00049740 /* DynamicAnimatorTests.xctest */;
			productType = "com.apple.product-type.bundle.unit-test";
		};
		00D6073A1ED5126E00049740 /* DynamicAnimatorUITests */ = {
			isa = PBXNativeTarget;
			buildConfigurationList = 00D6074A1ED5126E00049740 /* Build configuration list for PBXNativeTarget "DynamicAnimatorUITests" */;
			buildPhases = (
				00D607371ED5126E00049740 /* Sources */,
				00D607381ED5126E00049740 /* Frameworks */,
				00D607391ED5126E00049740 /* Resources */,
			);
			buildRules = (
			);
			dependencies = (
				00D6073D1ED5126E00049740 /* PBXTargetDependency */,
			);
			name = DynamicAnimatorUITests;
			productName = DynamicAnimatorUITests;
			productReference = 00D6073B1ED5126E00049740 /* DynamicAnimatorUITests.xctest */;
			productType = "com.apple.product-type.bundle.ui-testing";
		};
/* End PBXNativeTarget section */

/* Begin PBXProject section */
		00D6070F1ED5126700049740 /* Project object */ = {
			isa = PBXProject;
			attributes = {
				LastUpgradeCheck = 0830;
				ORGANIZATIONNAME = strom;
				TargetAttributes = {
					00D607161ED5126700049740 = {
						CreatedOnToolsVersion = 8.3.2;
						DevelopmentTeam = 4K3M343852;
						ProvisioningStyle = Automatic;
					};
					00D6072F1ED5126E00049740 = {
						CreatedOnToolsVersion = 8.3.2;
						ProvisioningStyle = Automatic;
						TestTargetID = 00D607161ED5126700049740;
					};
					00D6073A1ED5126E00049740 = {
						CreatedOnToolsVersion = 8.3.2;
						ProvisioningStyle = Automatic;
						TestTargetID = 00D607161ED5126700049740;
					};
				};
			};
			buildConfigurationList = 00D607121ED5126700049740 /* Build configuration list for PBXProject "DynamicAnimator" */;
			compatibilityVersion = "Xcode 3.2";
			developmentRegion = English;
			hasScannedForEncodings = 0;
			knownRegions = (
				en,
				Base,
			);
			mainGroup = 00D6070E1ED5126700049740;
			productRefGroup = 00D607181ED5126700049740 /* Products */;
			projectDirPath = "";
			projectRoot = "";
			targets = (
				00D607161ED5126700049740 /* DynamicAnimator */,
				00D6072F1ED5126E00049740 /* DynamicAnimatorTests */,
				00D6073A1ED5126E00049740 /* DynamicAnimatorUITests */,
			);
		};
/* End PBXProject section */

/* Begin PBXResourcesBuildPhase section */
		00D607151ED5126700049740 /* Resources */ = {
			isa = PBXResourcesBuildPhase;
			buildActionMask = 2147483647;
			files = (
				00D6072A1ED5126A00049740 /* LaunchScreen.storyboard in Resources */,
				00D607901ED51DB000049740 /* p1_gif.gif in Resources */,
				00D607271ED5126A00049740 /* Assets.xcassets in Resources */,
				00D6077C1ED516B200049740 /* LICENSE in Resources */,
				00D607251ED5126900049740 /* Main.storyboard in Resources */,
			);
			runOnlyForDeploymentPostprocessing = 0;
		};
		00D6072E1ED5126E00049740 /* Resources */ = {
			isa = PBXResourcesBuildPhase;
			buildActionMask = 2147483647;
			files = (
			);
			runOnlyForDeploymentPostprocessing = 0;
		};
		00D607391ED5126E00049740 /* Resources */ = {
			isa = PBXResourcesBuildPhase;
			buildActionMask = 2147483647;
			files = (
			);
			runOnlyForDeploymentPostprocessing = 0;
		};
/* End PBXResourcesBuildPhase section */

/* Begin PBXSourcesBuildPhase section */
		00D607131ED5126700049740 /* Sources */ = {
			isa = PBXSourcesBuildPhase;
			buildActionMask = 2147483647;
			files = (
				00D607221ED5126900049740 /* ViewController.m in Sources */,
				00D607891ED516B200049740 /* UIImageView+HighlightedWebCache.m in Sources */,
				00D6078A1ED516B200049740 /* UIImageView+WebCache.m in Sources */,
				00D607841ED516B200049740 /* SDWebImageManager.m in Sources */,
				00D6077F1ED516B200049740 /* SDImageCache.m in Sources */,
				00D607831ED516B200049740 /* SDWebImageDownloaderOperation.m in Sources */,
				00D607561ED514EF00049740 /* CYDynamicController.m in Sources */,
				00D607861ED516B200049740 /* UIButton+WebCache.m in Sources */,
				00D6077E1ED516B200049740 /* NSData+ImageContentType.m in Sources */,
				00D607851ED516B200049740 /* SDWebImagePrefetcher.m in Sources */,
				00D6078B1ED516B200049740 /* UIView+WebCacheOperation.m in Sources */,
				00D607821ED516B200049740 /* SDWebImageDownloader.m in Sources */,
				00D6071F1ED5126900049740 /* AppDelegate.m in Sources */,
				00D607811ED516B200049740 /* SDWebImageDecoder.m in Sources */,
				00D6077D1ED516B200049740 /* README.md in Sources */,
				00D607501ED513FB00049740 /* UIView+extension.m in Sources */,
				00D607801ED516B200049740 /* SDWebImageCompat.m in Sources */,
				00D6071C1ED5126800049740 /* main.m in Sources */,
				00D607531ED5146200049740 /* CYComprehensiveController.m in Sources */,
				00D607881ED516B200049740 /* UIImage+MultiFormat.m in Sources */,
				00D607871ED516B200049740 /* UIImage+GIF.m in Sources */,
			);
			runOnlyForDeploymentPostprocessing = 0;
		};
		00D6072C1ED5126E00049740 /* Sources */ = {
			isa = PBXSourcesBuildPhase;
			buildActionMask = 2147483647;
			files = (
				00D607351ED5126E00049740 /* DynamicAnimatorTests.m in Sources */,
			);
			runOnlyForDeploymentPostprocessing = 0;
		};
		00D607371ED5126E00049740 /* Sources */ = {
			isa = PBXSourcesBuildPhase;
			buildActionMask = 2147483647;
			files = (
				00D607401ED5126E00049740 /* DynamicAnimatorUITests.m in Sources */,
			);
			runOnlyForDeploymentPostprocessing = 0;
		};
/* End PBXSourcesBuildPhase section */

/* Begin PBXTargetDependency section */
		00D607321ED5126E00049740 /* PBXTargetDependency */ = {
			isa = PBXTargetDependency;
			target = 00D607161ED5126700049740 /* DynamicAnimator */;
			targetProxy = 00D607311ED5126E00049740 /* PBXContainerItemProxy */;
		};
		00D6073D1ED5126E00049740 /* PBXTargetDependency */ = {
			isa = PBXTargetDependency;
			target = 00D607161ED5126700049740 /* DynamicAnimator */;
			targetProxy = 00D6073C1ED5126E00049740 /* PBXContainerItemProxy */;
		};
/* End PBXTargetDependency section */

/* Begin PBXVariantGroup section */
		00D607231ED5126900049740 /* Main.storyboard */ = {
			isa = PBXVariantGroup;
			children = (
				00D607241ED5126900049740 /* Base */,
			);
			name = Main.storyboard;
			sourceTree = "<group>";
		};
		00D607281ED5126A00049740 /* LaunchScreen.storyboard */ = {
			isa = PBXVariantGroup;
			children = (
				00D607291ED5126A00049740 /* Base */,
			);
			name = LaunchScreen.storyboard;
			sourceTree = "<group>";
		};
/* End PBXVariantGroup section */

/* Begin XCBuildConfiguration section */
		00D607421ED5126E00049740 /* Debug */ = {
			isa = XCBuildConfiguration;
			buildSettings = {
				ALWAYS_SEARCH_USER_PATHS = NO;
				CLANG_ANALYZER_NONNULL = YES;
				CLANG_ANALYZER_NUMBER_OBJECT_CONVERSION = YES_AGGRESSIVE;
				CLANG_CXX_LANGUAGE_STANDARD = "gnu++0x";
				CLANG_CXX_LIBRARY = "libc++";
				CLANG_ENABLE_MODULES = YES;
				CLANG_ENABLE_OBJC_ARC = YES;
				CLANG_WARN_BOOL_CONVERSION = YES;
				CLANG_WARN_CONSTANT_CONVERSION = YES;
				CLANG_WARN_DIRECT_OBJC_ISA_USAGE = YES_ERROR;
				CLANG_WARN_DOCUMENTATION_COMMENTS = YES;
				CLANG_WARN_EMPTY_BODY = YES;
				CLANG_WARN_ENUM_CONVERSION = YES;
				CLANG_WARN_INFINITE_RECURSION = YES;
				CLANG_WARN_INT_CONVERSION = YES;
				CLANG_WARN_OBJC_ROOT_CLASS = YES_ERROR;
				CLANG_WARN_SUSPICIOUS_MOVE = YES;
				CLANG_WARN_UNREACHABLE_CODE = YES;
				CLANG_WARN__DUPLICATE_METHOD_MATCH = YES;
				"CODE_SIGN_IDENTITY[sdk=iphoneos*]" = "iPhone Developer";
				COPY_PHASE_STRIP = NO;
				DEBUG_INFORMATION_FORMAT = dwarf;
				ENABLE_STRICT_OBJC_MSGSEND = YES;
				ENABLE_TESTABILITY = YES;
				GCC_C_LANGUAGE_STANDARD = gnu99;
				GCC_DYNAMIC_NO_PIC = NO;
				GCC_NO_COMMON_BLOCKS = YES;
				GCC_OPTIMIZATION_LEVEL = 0;
				GCC_PREPROCESSOR_DEFINITIONS = (
					"DEBUG=1",
					"$(inherited)",
				);
				GCC_WARN_64_TO_32_BIT_CONVERSION = YES;
				GCC_WARN_ABOUT_RETURN_TYPE = YES_ERROR;
				GCC_WARN_UNDECLARED_SELECTOR = YES;
				GCC_WARN_UNINITIALIZED_AUTOS = YES_AGGRESSIVE;
				GCC_WARN_UNUSED_FUNCTION = YES;
				GCC_WARN_UNUSED_VARIABLE = YES;
				IPHONEOS_DEPLOYMENT_TARGET = 10.3;
				MTL_ENABLE_DEBUG_INFO = YES;
				ONLY_ACTIVE_ARCH = YES;
				SDKROOT = iphoneos;
				TARGETED_DEVICE_FAMILY = "1,2";
			};
			name = Debug;
		};
		00D607431ED5126E00049740 /* Release */ = {
			isa = XCBuildConfiguration;
			buildSettings = {
				ALWAYS_SEARCH_USER_PATHS = NO;
				CLANG_ANALYZER_NONNULL = YES;
				CLANG_ANALYZER_NUMBER_OBJECT_CONVERSION = YES_AGGRESSIVE;
				CLANG_CXX_LANGUAGE_STANDARD = "gnu++0x";
				CLANG_CXX_LIBRARY = "libc++";
				CLANG_ENABLE_MODULES = YES;
				CLANG_ENABLE_OBJC_ARC = YES;
				CLANG_WARN_BOOL_CONVERSION = YES;
				CLANG_WARN_CONSTANT_CONVERSION = YES;
				CLANG_WARN_DIRECT_OBJC_ISA_USAGE = YES_ERROR;
				CLANG_WARN_DOCUMENTATION_COMMENTS = YES;
				CLANG_WARN_EMPTY_BODY = YES;
				CLANG_WARN_ENUM_CONVERSION = YES;
				CLANG_WARN_INFINITE_RECURSION = YES;
				CLANG_WARN_INT_CONVERSION = YES;
				CLANG_WARN_OBJC_ROOT_CLASS = YES_ERROR;
				CLANG_WARN_SUSPICIOUS_MOVE = YES;
				CLANG_WARN_UNREACHABLE_CODE = YES;
				CLANG_WARN__DUPLICATE_METHOD_MATCH = YES;
				"CODE_SIGN_IDENTITY[sdk=iphoneos*]" = "iPhone Developer";
				COPY_PHASE_STRIP = NO;
				DEBUG_INFORMATION_FORMAT = "dwarf-with-dsym";
				ENABLE_NS_ASSERTIONS = NO;
				ENABLE_STRICT_OBJC_MSGSEND = YES;
				GCC_C_LANGUAGE_STANDARD = gnu99;
				GCC_NO_COMMON_BLOCKS = YES;
				GCC_WARN_64_TO_32_BIT_CONVERSION = YES;
				GCC_WARN_ABOUT_RETURN_TYPE = YES_ERROR;
				GCC_WARN_UNDECLARED_SELECTOR = YES;
				GCC_WARN_UNINITIALIZED_AUTOS = YES_AGGRESSIVE;
				GCC_WARN_UNUSED_FUNCTION = YES;
				GCC_WARN_UNUSED_VARIABLE = YES;
				IPHONEOS_DEPLOYMENT_TARGET = 10.3;
				MTL_ENABLE_DEBUG_INFO = NO;
				SDKROOT = iphoneos;
				TARGETED_DEVICE_FAMILY = "1,2";
				VALIDATE_PRODUCT = YES;
			};
			name = Release;
		};
		00D607451ED5126E00049740 /* Debug */ = {
			isa = XCBuildConfiguration;
			buildSettings = {
				ASSETCATALOG_COMPILER_APPICON_NAME = AppIcon;
				DEVELOPMENT_TEAM = 4K3M343852;
				GCC_PREFIX_HEADER = "$(SRCROOT)/DynamicAnimator/PrefixHeader.pch";
				INFOPLIST_FILE = DynamicAnimator/Info.plist;
				IPHONEOS_DEPLOYMENT_TARGET = 8.0;
				LD_RUNPATH_SEARCH_PATHS = "$(inherited) @executable_path/Frameworks";
				PRODUCT_BUNDLE_IDENTIFIER = strom.DynamicAnimator;
				PRODUCT_NAME = "$(TARGET_NAME)";
			};
			name = Debug;
		};
		00D607461ED5126E00049740 /* Release */ = {
			isa = XCBuildConfiguration;
			buildSettings = {
				ASSETCATALOG_COMPILER_APPICON_NAME = AppIcon;
				DEVELOPMENT_TEAM = 4K3M343852;
				GCC_PREFIX_HEADER = "$(SRCROOT)/DynamicAnimator/PrefixHeader.pch";
				INFOPLIST_FILE = DynamicAnimator/Info.plist;
				IPHONEOS_DEPLOYMENT_TARGET = 8.0;
				LD_RUNPATH_SEARCH_PATHS = "$(inherited) @executable_path/Frameworks";
				PRODUCT_BUNDLE_IDENTIFIER = strom.DynamicAnimator;
				PRODUCT_NAME = "$(TARGET_NAME)";
			};
			name = Release;
		};
		00D607481ED5126E00049740 /* Debug */ = {
			isa = XCBuildConfiguration;
			buildSettings = {
				BUNDLE_LOADER = "$(TEST_HOST)";
				INFOPLIST_FILE = DynamicAnimatorTests/Info.plist;
				LD_RUNPATH_SEARCH_PATHS = "$(inherited) @executable_path/Frameworks @loader_path/Frameworks";
				PRODUCT_BUNDLE_IDENTIFIER = strom.DynamicAnimatorTests;
				PRODUCT_NAME = "$(TARGET_NAME)";
				TEST_HOST = "$(BUILT_PRODUCTS_DIR)/DynamicAnimator.app/DynamicAnimator";
			};
			name = Debug;
		};
		00D607491ED5126E00049740 /* Release */ = {
			isa = XCBuildConfiguration;
			buildSettings = {
				BUNDLE_LOADER = "$(TEST_HOST)";
				INFOPLIST_FILE = DynamicAnimatorTests/Info.plist;
				LD_RUNPATH_SEARCH_PATHS = "$(inherited) @executable_path/Frameworks @loader_path/Frameworks";
				PRODUCT_BUNDLE_IDENTIFIER = strom.DynamicAnimatorTests;
				PRODUCT_NAME = "$(TARGET_NAME)";
				TEST_HOST = "$(BUILT_PRODUCTS_DIR)/DynamicAnimator.app/DynamicAnimator";
			};
			name = Release;
		};
		00D6074B1ED5126E00049740 /* Debug */ = {
			isa = XCBuildConfiguration;
			buildSettings = {
				INFOPLIST_FILE = DynamicAnimatorUITests/Info.plist;
				LD_RUNPATH_SEARCH_PATHS = "$(inherited) @executable_path/Frameworks @loader_path/Frameworks";
				PRODUCT_BUNDLE_IDENTIFIER = strom.DynamicAnimatorUITests;
				PRODUCT_NAME = "$(TARGET_NAME)";
				TEST_TARGET_NAME = DynamicAnimator;
			};
			name = Debug;
		};
		00D6074C1ED5126E00049740 /* Release */ = {
			isa = XCBuildConfiguration;
			buildSettings = {
				INFOPLIST_FILE = DynamicAnimatorUITests/Info.plist;
				LD_RUNPATH_SEARCH_PATHS = "$(inherited) @executable_path/Frameworks @loader_path/Frameworks";
				PRODUCT_BUNDLE_IDENTIFIER = strom.DynamicAnimatorUITests;
				PRODUCT_NAME = "$(TARGET_NAME)";
				TEST_TARGET_NAME = DynamicAnimator;
			};
			name = Release;
		};
/* End XCBuildConfiguration section */

/* Begin XCConfigurationList section */
		00D607121ED5126700049740 /* Build configuration list for PBXProject "DynamicAnimator" */ = {
			isa = XCConfigurationList;
			buildConfigurations = (
				00D607421ED5126E00049740 /* Debug */,
				00D607431ED5126E00049740 /* Release */,
			);
			defaultConfigurationIsVisible = 0;
			defaultConfigurationName = Release;
		};
		00D607441ED5126E00049740 /* Build configuration list for PBXNativeTarget "DynamicAnimator" */ = {
			isa = XCConfigurationList;
			buildConfigurations = (
				00D607451ED5126E00049740 /* Debug */,
				00D607461ED5126E00049740 /* Release */,
			);
			defaultConfigurationIsVisible = 0;
		};
		00D607471ED5126E00049740 /* Build configuration list for PBXNativeTarget "DynamicAnimatorTests" */ = {
			isa = XCConfigurationList;
			buildConfigurations = (
				00D607481ED5126E00049740 /* Debug */,
				00D607491ED5126E00049740 /* Release */,
			);
			defaultConfigurationIsVisible = 0;
		};
		00D6074A1ED5126E00049740 /* Build configuration list for PBXNativeTarget "DynamicAnimatorUITests" */ = {
			isa = XCConfigurationList;
			buildConfigurations = (
				00D6074B1ED5126E00049740 /* Debug */,
				00D6074C1ED5126E00049740 /* Release */,
			);
			defaultConfigurationIsVisible = 0;
		};
/* End XCConfigurationList section */
	};
	rootObject = 00D6070F1ED5126700049740 /* Project object */;
}
